{
    "_readme": [
        "This file locks the dependencies of your project to a known state",
        "Read more about it at https://getcomposer.org/doc/01-basic-usage.md#installing-dependencies",
        "This file is @generated automatically"
    ],
    "content-hash": "0ece5621c1258986f9bbcb9e1c76752e",
    "packages": [
        {
            "name": "robertbyrnes/dataconnection",
            "version": "dev-main",
            "source": {
                "type": "git",
                "url": "https://github.com/RobertByrnes/DataConnection.git",
                "reference": "b6330044a06c61fb40cf155a23bdb4230155fc0b"
            },
            "dist": {
                "type": "zip",
                "url": "https://api.github.com/repos/RobertByrnes/DataConnection/zipball/b6330044a06c61fb40cf155a23bdb4230155fc0b",
                "reference": "b6330044a06c61fb40cf155a23bdb4230155fc0b",
                "shasum": ""
            },
            "default-branch": true,
            "type": "library",
            "autoload": {
                "psr-4": {
                    "": "classes/"
                }
            },
            "notification-url": "https://packagist.org/downloads/",
            "license": [
                "GPL-3.0-or-later"
            ],
            "description": "Database connection dependency using PDO for PHP 7^.",
            "support": {
                "issues": "https://github.com/RobertByrnes/DataConnection/issues",
                "source": "https://github.com/RobertByrnes/DataConnection/tree/main"
            },
            "time": "2021-04-06T21:54:06+00:00"
        }
    ],
    "packages-dev": [],
    "aliases": [],
    "minimum-stability": "stable",
    "stability-flags": {
        "robertbyrnes/dataconnection": 20
    },
    "prefer-stable": false,
    "prefer-lowest": false,
    "platform": [],
    "platform-dev": [],
    "plugin-api-version": "2.0.0"
}
